// !$*UTF8*$!
{
	archiveVersion = 1;
	classes = {
	};
	objectVersion = 56;
	objects = {

/* Begin PBXBuildFile section */
		63F991422C1D789900605BE5 /* SwiftUIPracticeApp.swift in Sources */ = {isa = PBXBuildFile; fileRef = 63F991412C1D789900605BE5 /* SwiftUIPracticeApp.swift */; };
		63F991442C1D789900605BE5 /* ContentView.swift in Sources */ = {isa = PBXBuildFile; fileRef = 63F991432C1D789900605BE5 /* ContentView.swift */; };
		63F991462C1D789B00605BE5 /* Assets.xcassets in Resources */ = {isa = PBXBuildFile; fileRef = 63F991452C1D789B00605BE5 /* Assets.xcassets */; };
		63F991492C1D789B00605BE5 /* Preview Assets.xcassets in Resources */ = {isa = PBXBuildFile; fileRef = 63F991482C1D789B00605BE5 /* Preview Assets.xcassets */; };
		63F991532C1D789B00605BE5 /* SwiftUIPracticeTests.swift in Sources */ = {isa = PBXBuildFile; fileRef = 63F991522C1D789B00605BE5 /* SwiftUIPracticeTests.swift */; };
		63F9915D2C1D789B00605BE5 /* SwiftUIPracticeUITests.swift in Sources */ = {isa = PBXBuildFile; fileRef = 63F9915C2C1D789B00605BE5 /* SwiftUIPracticeUITests.swift */; };
		63F9915F2C1D789B00605BE5 /* SwiftUIPracticeUITestsLaunchTests.swift in Sources */ = {isa = PBXBuildFile; fileRef = 63F9915E2C1D789B00605BE5 /* SwiftUIPracticeUITestsLaunchTests.swift */; };
		63F9916E2C1D799A00605BE5 /* SDWebImageSwiftUI in Frameworks */ = {isa = PBXBuildFile; productRef = 63F9916D2C1D799A00605BE5 /* SDWebImageSwiftUI */; };
		63F991712C1D79F400605BE5 /* ImageLoaderView.swift in Sources */ = {isa = PBXBuildFile; fileRef = 63F991702C1D79F400605BE5 /* ImageLoaderView.swift */; };
		63F991732C1D7ADD00605BE5 /* Constants.swift in Sources */ = {isa = PBXBuildFile; fileRef = 63F991722C1D7ADD00605BE5 /* Constants.swift */; };
		63F991752C1D7F5700605BE5 /* DatabaseHelper.swift in Sources */ = {isa = PBXBuildFile; fileRef = 63F991742C1D7F5700605BE5 /* DatabaseHelper.swift */; };
		63F991772C1D85EE00605BE5 /* Product.swift in Sources */ = {isa = PBXBuildFile; fileRef = 63F991762C1D85EE00605BE5 /* Product.swift */; };
		63F991792C1D861100605BE5 /* User.swift in Sources */ = {isa = PBXBuildFile; fileRef = 63F991782C1D861100605BE5 /* User.swift */; };
		63F9917C2C1D88BA00605BE5 /* SwiftfulUI in Frameworks */ = {isa = PBXBuildFile; productRef = 63F9917B2C1D88BA00605BE5 /* SwiftfulUI */; };
		63F9917F2C1D894700605BE5 /* SwiftfulRouting in Frameworks */ = {isa = PBXBuildFile; productRef = 63F9917E2C1D894700605BE5 /* SwiftfulRouting */; };
		63F991842C21A28100605BE5 /* SpotifyHomeView.swift in Sources */ = {isa = PBXBuildFile; fileRef = 63F991832C21A28100605BE5 /* SpotifyHomeView.swift */; };
		63F991862C21A82500605BE5 /* SpotifyCategoryCell.swift in Sources */ = {isa = PBXBuildFile; fileRef = 63F991852C21A82500605BE5 /* SpotifyCategoryCell.swift */; };
		63F991892C21AC6100605BE5 /* Category.swift in Sources */ = {isa = PBXBuildFile; fileRef = 63F991882C21AC6100605BE5 /* Category.swift */; };
		63F9918B2C21E2A200605BE5 /* SpotifyRecentsCell.swift in Sources */ = {isa = PBXBuildFile; fileRef = 63F9918A2C21E2A200605BE5 /* SpotifyRecentsCell.swift */; };
		63F9918D2C21EAD400605BE5 /* SpotifyNewReleaseCell.swift in Sources */ = {isa = PBXBuildFile; fileRef = 63F9918C2C21EAD400605BE5 /* SpotifyNewReleaseCell.swift */; };
		63F9918F2C23194200605BE5 /* ImageTitleRowCell.swift in Sources */ = {isa = PBXBuildFile; fileRef = 63F9918E2C23194200605BE5 /* ImageTitleRowCell.swift */; };
		63F991912C2333ED00605BE5 /* SpotifyPlayListView.swift in Sources */ = {isa = PBXBuildFile; fileRef = 63F991902C2333ED00605BE5 /* SpotifyPlayListView.swift */; };
		63F991932C23342700605BE5 /* PlaylistHeaderCell.swift in Sources */ = {isa = PBXBuildFile; fileRef = 63F991922C23342700605BE5 /* PlaylistHeaderCell.swift */; };
		63F991952C233BE600605BE5 /* PlayListDescriptionCell.swift in Sources */ = {isa = PBXBuildFile; fileRef = 63F991942C233BE600605BE5 /* PlayListDescriptionCell.swift */; };
		63F991972C2440AD00605BE5 /* SongRowCell.swift in Sources */ = {isa = PBXBuildFile; fileRef = 63F991962C2440AD00605BE5 /* SongRowCell.swift */; };
		63F9919C2C25D13D00605BE5 /* BumbleHomeView.swift in Sources */ = {isa = PBXBuildFile; fileRef = 63F9919B2C25D13D00605BE5 /* BumbleHomeView.swift */; };
		63F9919E2C25D5AA00605BE5 /* BumbleFilterView.swift in Sources */ = {isa = PBXBuildFile; fileRef = 63F9919D2C25D5AA00605BE5 /* BumbleFilterView.swift */; };
		63F991A02C29AA0100605BE5 /* BumbleCardView.swift in Sources */ = {isa = PBXBuildFile; fileRef = 63F9919F2C29AA0100605BE5 /* BumbleCardView.swift */; };
		63F991A22C29AE5700605BE5 /* BumbleHeartView.swift in Sources */ = {isa = PBXBuildFile; fileRef = 63F991A12C29AE5700605BE5 /* BumbleHeartView.swift */; };
		63F991A42C29B70D00605BE5 /* InterestPillView.swift in Sources */ = {isa = PBXBuildFile; fileRef = 63F991A32C29B70D00605BE5 /* InterestPillView.swift */; };
		63F991A62C29B8DC00605BE5 /* InterestPillGridView.swift in Sources */ = {isa = PBXBuildFile; fileRef = 63F991A52C29B8DC00605BE5 /* InterestPillGridView.swift */; };
/* End PBXBuildFile section */

/* Begin PBXContainerItemProxy section */
		63F9914F2C1D789B00605BE5 /* PBXContainerItemProxy */ = {
			isa = PBXContainerItemProxy;
			containerPortal = 63F991362C1D789900605BE5 /* Project object */;
			proxyType = 1;
			remoteGlobalIDString = 63F9913D2C1D789900605BE5;
			remoteInfo = SwiftUIPractice;
		};
		63F991592C1D789B00605BE5 /* PBXContainerItemProxy */ = {
			isa = PBXContainerItemProxy;
			containerPortal = 63F991362C1D789900605BE5 /* Project object */;
			proxyType = 1;
			remoteGlobalIDString = 63F9913D2C1D789900605BE5;
			remoteInfo = SwiftUIPractice;
		};
/* End PBXContainerItemProxy section */

/* Begin PBXFileReference section */
		63F9913E2C1D789900605BE5 /* SwiftUIPractice.app */ = {isa = PBXFileReference; explicitFileType = wrapper.application; includeInIndex = 0; path = SwiftUIPractice.app; sourceTree = BUILT_PRODUCTS_DIR; };
		63F991412C1D789900605BE5 /* SwiftUIPracticeApp.swift */ = {isa = PBXFileReference; lastKnownFileType = sourcecode.swift; path = SwiftUIPracticeApp.swift; sourceTree = "<group>"; };
		63F991432C1D789900605BE5 /* ContentView.swift */ = {isa = PBXFileReference; lastKnownFileType = sourcecode.swift; path = ContentView.swift; sourceTree = "<group>"; };
		63F991452C1D789B00605BE5 /* Assets.xcassets */ = {isa = PBXFileReference; lastKnownFileType = folder.assetcatalog; path = Assets.xcassets; sourceTree = "<group>"; };
		63F991482C1D789B00605BE5 /* Preview Assets.xcassets */ = {isa = PBXFileReference; lastKnownFileType = folder.assetcatalog; path = "Preview Assets.xcassets"; sourceTree = "<group>"; };
		63F9914E2C1D789B00605BE5 /* SwiftUIPracticeTests.xctest */ = {isa = PBXFileReference; explicitFileType = wrapper.cfbundle; includeInIndex = 0; path = SwiftUIPracticeTests.xctest; sourceTree = BUILT_PRODUCTS_DIR; };
		63F991522C1D789B00605BE5 /* SwiftUIPracticeTests.swift */ = {isa = PBXFileReference; lastKnownFileType = sourcecode.swift; path = SwiftUIPracticeTests.swift; sourceTree = "<group>"; };
		63F991582C1D789B00605BE5 /* SwiftUIPracticeUITests.xctest */ = {isa = PBXFileReference; explicitFileType = wrapper.cfbundle; includeInIndex = 0; path = SwiftUIPracticeUITests.xctest; sourceTree = BUILT_PRODUCTS_DIR; };
		63F9915C2C1D789B00605BE5 /* SwiftUIPracticeUITests.swift */ = {isa = PBXFileReference; lastKnownFileType = sourcecode.swift; path = SwiftUIPracticeUITests.swift; sourceTree = "<group>"; };
		63F9915E2C1D789B00605BE5 /* SwiftUIPracticeUITestsLaunchTests.swift */ = {isa = PBXFileReference; lastKnownFileType = sourcecode.swift; path = SwiftUIPracticeUITestsLaunchTests.swift; sourceTree = "<group>"; };
		63F991702C1D79F400605BE5 /* ImageLoaderView.swift */ = {isa = PBXFileReference; lastKnownFileType = sourcecode.swift; path = ImageLoaderView.swift; sourceTree = "<group>"; };
		63F991722C1D7ADD00605BE5 /* Constants.swift */ = {isa = PBXFileReference; lastKnownFileType = sourcecode.swift; path = Constants.swift; sourceTree = "<group>"; };
		63F991742C1D7F5700605BE5 /* DatabaseHelper.swift */ = {isa = PBXFileReference; lastKnownFileType = sourcecode.swift; path = DatabaseHelper.swift; sourceTree = "<group>"; };
		63F991762C1D85EE00605BE5 /* Product.swift */ = {isa = PBXFileReference; lastKnownFileType = sourcecode.swift; path = Product.swift; sourceTree = "<group>"; };
		63F991782C1D861100605BE5 /* User.swift */ = {isa = PBXFileReference; lastKnownFileType = sourcecode.swift; path = User.swift; sourceTree = "<group>"; };
		63F991832C21A28100605BE5 /* SpotifyHomeView.swift */ = {isa = PBXFileReference; lastKnownFileType = sourcecode.swift; path = SpotifyHomeView.swift; sourceTree = "<group>"; };
		63F991852C21A82500605BE5 /* SpotifyCategoryCell.swift */ = {isa = PBXFileReference; lastKnownFileType = sourcecode.swift; path = SpotifyCategoryCell.swift; sourceTree = "<group>"; };
		63F991882C21AC6100605BE5 /* Category.swift */ = {isa = PBXFileReference; lastKnownFileType = sourcecode.swift; path = Category.swift; sourceTree = "<group>"; };
		63F9918A2C21E2A200605BE5 /* SpotifyRecentsCell.swift */ = {isa = PBXFileReference; lastKnownFileType = sourcecode.swift; path = SpotifyRecentsCell.swift; sourceTree = "<group>"; };
		63F9918C2C21EAD400605BE5 /* SpotifyNewReleaseCell.swift */ = {isa = PBXFileReference; lastKnownFileType = sourcecode.swift; path = SpotifyNewReleaseCell.swift; sourceTree = "<group>"; };
		63F9918E2C23194200605BE5 /* ImageTitleRowCell.swift */ = {isa = PBXFileReference; lastKnownFileType = sourcecode.swift; path = ImageTitleRowCell.swift; sourceTree = "<group>"; };
		63F991902C2333ED00605BE5 /* SpotifyPlayListView.swift */ = {isa = PBXFileReference; lastKnownFileType = sourcecode.swift; path = SpotifyPlayListView.swift; sourceTree = "<group>"; };
		63F991922C23342700605BE5 /* PlaylistHeaderCell.swift */ = {isa = PBXFileReference; lastKnownFileType = sourcecode.swift; path = PlaylistHeaderCell.swift; sourceTree = "<group>"; };
		63F991942C233BE600605BE5 /* PlayListDescriptionCell.swift */ = {isa = PBXFileReference; lastKnownFileType = sourcecode.swift; path = PlayListDescriptionCell.swift; sourceTree = "<group>"; };
		63F991962C2440AD00605BE5 /* SongRowCell.swift */ = {isa = PBXFileReference; lastKnownFileType = sourcecode.swift; path = SongRowCell.swift; sourceTree = "<group>"; };
		63F9919B2C25D13D00605BE5 /* BumbleHomeView.swift */ = {isa = PBXFileReference; lastKnownFileType = sourcecode.swift; path = BumbleHomeView.swift; sourceTree = "<group>"; };
		63F9919D2C25D5AA00605BE5 /* BumbleFilterView.swift */ = {isa = PBXFileReference; lastKnownFileType = sourcecode.swift; path = BumbleFilterView.swift; sourceTree = "<group>"; };
		63F9919F2C29AA0100605BE5 /* BumbleCardView.swift */ = {isa = PBXFileReference; lastKnownFileType = sourcecode.swift; path = BumbleCardView.swift; sourceTree = "<group>"; };
		63F991A12C29AE5700605BE5 /* BumbleHeartView.swift */ = {isa = PBXFileReference; lastKnownFileType = sourcecode.swift; path = BumbleHeartView.swift; sourceTree = "<group>"; };
		63F991A32C29B70D00605BE5 /* InterestPillView.swift */ = {isa = PBXFileReference; lastKnownFileType = sourcecode.swift; path = InterestPillView.swift; sourceTree = "<group>"; };
		63F991A52C29B8DC00605BE5 /* InterestPillGridView.swift */ = {isa = PBXFileReference; lastKnownFileType = sourcecode.swift; path = InterestPillGridView.swift; sourceTree = "<group>"; };
/* End PBXFileReference section */

/* Begin PBXFrameworksBuildPhase section */
		63F9913B2C1D789900605BE5 /* Frameworks */ = {
			isa = PBXFrameworksBuildPhase;
			buildActionMask = 2147483647;
			files = (
				63F9917C2C1D88BA00605BE5 /* SwiftfulUI in Frameworks */,
				63F9917F2C1D894700605BE5 /* SwiftfulRouting in Frameworks */,
				63F9916E2C1D799A00605BE5 /* SDWebImageSwiftUI in Frameworks */,
			);
			runOnlyForDeploymentPostprocessing = 0;
		};
		63F9914B2C1D789B00605BE5 /* Frameworks */ = {
			isa = PBXFrameworksBuildPhase;
			buildActionMask = 2147483647;
			files = (
			);
			runOnlyForDeploymentPostprocessing = 0;
		};
		63F991552C1D789B00605BE5 /* Frameworks */ = {
			isa = PBXFrameworksBuildPhase;
			buildActionMask = 2147483647;
			files = (
			);
			runOnlyForDeploymentPostprocessing = 0;
		};
/* End PBXFrameworksBuildPhase section */

/* Begin PBXGroup section */
		63F991352C1D789900605BE5 = {
			isa = PBXGroup;
			children = (
				63F991402C1D789900605BE5 /* SwiftUIPractice */,
				63F991512C1D789B00605BE5 /* SwiftUIPracticeTests */,
				63F9915B2C1D789B00605BE5 /* SwiftUIPracticeUITests */,
				63F9913F2C1D789900605BE5 /* Products */,
				63F9916C2C1D799A00605BE5 /* Frameworks */,
			);
			sourceTree = "<group>";
		};
		63F9913F2C1D789900605BE5 /* Products */ = {
			isa = PBXGroup;
			children = (
				63F9913E2C1D789900605BE5 /* SwiftUIPractice.app */,
				63F9914E2C1D789B00605BE5 /* SwiftUIPracticeTests.xctest */,
				63F991582C1D789B00605BE5 /* SwiftUIPracticeUITests.xctest */,
			);
			name = Products;
			sourceTree = "<group>";
		};
		63F991402C1D789900605BE5 /* SwiftUIPractice */ = {
			isa = PBXGroup;
			children = (
				63F991982C25CF8A00605BE5 /* Bumble */,
				63F991802C21A24500605BE5 /* Spotify */,
				63F9916F2C1D79CD00605BE5 /* Shared */,
				63F991412C1D789900605BE5 /* SwiftUIPracticeApp.swift */,
				63F991432C1D789900605BE5 /* ContentView.swift */,
				63F991452C1D789B00605BE5 /* Assets.xcassets */,
				63F991472C1D789B00605BE5 /* Preview Content */,
			);
			path = SwiftUIPractice;
			sourceTree = "<group>";
		};
		63F991472C1D789B00605BE5 /* Preview Content */ = {
			isa = PBXGroup;
			children = (
				63F991482C1D789B00605BE5 /* Preview Assets.xcassets */,
			);
			path = "Preview Content";
			sourceTree = "<group>";
		};
		63F991512C1D789B00605BE5 /* SwiftUIPracticeTests */ = {
			isa = PBXGroup;
			children = (
				63F991522C1D789B00605BE5 /* SwiftUIPracticeTests.swift */,
			);
			path = SwiftUIPracticeTests;
			sourceTree = "<group>";
		};
		63F9915B2C1D789B00605BE5 /* SwiftUIPracticeUITests */ = {
			isa = PBXGroup;
			children = (
				63F9915C2C1D789B00605BE5 /* SwiftUIPracticeUITests.swift */,
				63F9915E2C1D789B00605BE5 /* SwiftUIPracticeUITestsLaunchTests.swift */,
			);
			path = SwiftUIPracticeUITests;
			sourceTree = "<group>";
		};
		63F9916C2C1D799A00605BE5 /* Frameworks */ = {
			isa = PBXGroup;
			children = (
			);
			name = Frameworks;
			sourceTree = "<group>";
		};
		63F9916F2C1D79CD00605BE5 /* Shared */ = {
			isa = PBXGroup;
			children = (
				63F991702C1D79F400605BE5 /* ImageLoaderView.swift */,
				63F991722C1D7ADD00605BE5 /* Constants.swift */,
				63F991742C1D7F5700605BE5 /* DatabaseHelper.swift */,
				63F991762C1D85EE00605BE5 /* Product.swift */,
				63F991782C1D861100605BE5 /* User.swift */,
			);
			path = Shared;
			sourceTree = "<group>";
		};
		63F991802C21A24500605BE5 /* Spotify */ = {
			isa = PBXGroup;
			children = (
				63F991872C21AC4C00605BE5 /* Models */,
				63F991822C21A26100605BE5 /* Components */,
				63F991812C21A25800605BE5 /* Core */,
			);
			path = Spotify;
			sourceTree = "<group>";
		};
		63F991812C21A25800605BE5 /* Core */ = {
			isa = PBXGroup;
			children = (
				63F991832C21A28100605BE5 /* SpotifyHomeView.swift */,
				63F991902C2333ED00605BE5 /* SpotifyPlayListView.swift */,
			);
			path = Core;
			sourceTree = "<group>";
		};
		63F991822C21A26100605BE5 /* Components */ = {
			isa = PBXGroup;
			children = (
				63F991852C21A82500605BE5 /* SpotifyCategoryCell.swift */,
				63F9918A2C21E2A200605BE5 /* SpotifyRecentsCell.swift */,
				63F9918C2C21EAD400605BE5 /* SpotifyNewReleaseCell.swift */,
				63F9918E2C23194200605BE5 /* ImageTitleRowCell.swift */,
				63F991922C23342700605BE5 /* PlaylistHeaderCell.swift */,
				63F991942C233BE600605BE5 /* PlayListDescriptionCell.swift */,
				63F991962C2440AD00605BE5 /* SongRowCell.swift */,
			);
			path = Components;
			sourceTree = "<group>";
		};
		63F991872C21AC4C00605BE5 /* Models */ = {
			isa = PBXGroup;
			children = (
				63F991882C21AC6100605BE5 /* Category.swift */,
			);
			path = Models;
			sourceTree = "<group>";
		};
		63F991982C25CF8A00605BE5 /* Bumble */ = {
			isa = PBXGroup;
			children = (
				63F9919A2C25D11F00605BE5 /* Core */,
				63F991992C25D10B00605BE5 /* Components */,
			);
			path = Bumble;
			sourceTree = "<group>";
		};
		63F991992C25D10B00605BE5 /* Components */ = {
			isa = PBXGroup;
			children = (
				63F9919D2C25D5AA00605BE5 /* BumbleFilterView.swift */,
				63F9919F2C29AA0100605BE5 /* BumbleCardView.swift */,
				63F991A12C29AE5700605BE5 /* BumbleHeartView.swift */,
				63F991A32C29B70D00605BE5 /* InterestPillView.swift */,
				63F991A52C29B8DC00605BE5 /* InterestPillGridView.swift */,
			);
			path = Components;
			sourceTree = "<group>";
		};
		63F9919A2C25D11F00605BE5 /* Core */ = {
			isa = PBXGroup;
			children = (
				63F9919B2C25D13D00605BE5 /* BumbleHomeView.swift */,
			);
			path = Core;
			sourceTree = "<group>";
		};
/* End PBXGroup section */

/* Begin PBXNativeTarget section */
		63F9913D2C1D789900605BE5 /* SwiftUIPractice */ = {
			isa = PBXNativeTarget;
			buildConfigurationList = 63F991622C1D789B00605BE5 /* Build configuration list for PBXNativeTarget "SwiftUIPractice" */;
			buildPhases = (
				63F9913A2C1D789900605BE5 /* Sources */,
				63F9913B2C1D789900605BE5 /* Frameworks */,
				63F9913C2C1D789900605BE5 /* Resources */,
			);
			buildRules = (
			);
			dependencies = (
			);
			name = SwiftUIPractice;
			packageProductDependencies = (
				63F9916D2C1D799A00605BE5 /* SDWebImageSwiftUI */,
				63F9917B2C1D88BA00605BE5 /* SwiftfulUI */,
				63F9917E2C1D894700605BE5 /* SwiftfulRouting */,
			);
			productName = SwiftUIPractice;
			productReference = 63F9913E2C1D789900605BE5 /* SwiftUIPractice.app */;
			productType = "com.apple.product-type.application";
		};
		63F9914D2C1D789B00605BE5 /* SwiftUIPracticeTests */ = {
			isa = PBXNativeTarget;
			buildConfigurationList = 63F991652C1D789B00605BE5 /* Build configuration list for PBXNativeTarget "SwiftUIPracticeTests" */;
			buildPhases = (
				63F9914A2C1D789B00605BE5 /* Sources */,
				63F9914B2C1D789B00605BE5 /* Frameworks */,
				63F9914C2C1D789B00605BE5 /* Resources */,
			);
			buildRules = (
			);
			dependencies = (
				63F991502C1D789B00605BE5 /* PBXTargetDependency */,
			);
			name = SwiftUIPracticeTests;
			productName = SwiftUIPracticeTests;
			productReference = 63F9914E2C1D789B00605BE5 /* SwiftUIPracticeTests.xctest */;
			productType = "com.apple.product-type.bundle.unit-test";
		};
		63F991572C1D789B00605BE5 /* SwiftUIPracticeUITests */ = {
			isa = PBXNativeTarget;
			buildConfigurationList = 63F991682C1D789B00605BE5 /* Build configuration list for PBXNativeTarget "SwiftUIPracticeUITests" */;
			buildPhases = (
				63F991542C1D789B00605BE5 /* Sources */,
				63F991552C1D789B00605BE5 /* Frameworks */,
				63F991562C1D789B00605BE5 /* Resources */,
			);
			buildRules = (
			);
			dependencies = (
				63F9915A2C1D789B00605BE5 /* PBXTargetDependency */,
			);
			name = SwiftUIPracticeUITests;
			productName = SwiftUIPracticeUITests;
			productReference = 63F991582C1D789B00605BE5 /* SwiftUIPracticeUITests.xctest */;
			productType = "com.apple.product-type.bundle.ui-testing";
		};
/* End PBXNativeTarget section */

/* Begin PBXProject section */
		63F991362C1D789900605BE5 /* Project object */ = {
			isa = PBXProject;
			attributes = {
				BuildIndependentTargetsInParallel = 1;
				LastSwiftUpdateCheck = 1530;
				LastUpgradeCheck = 1530;
				TargetAttributes = {
					63F9913D2C1D789900605BE5 = {
						CreatedOnToolsVersion = 15.3;
					};
					63F9914D2C1D789B00605BE5 = {
						CreatedOnToolsVersion = 15.3;
						TestTargetID = 63F9913D2C1D789900605BE5;
					};
					63F991572C1D789B00605BE5 = {
						CreatedOnToolsVersion = 15.3;
						TestTargetID = 63F9913D2C1D789900605BE5;
					};
				};
			};
			buildConfigurationList = 63F991392C1D789900605BE5 /* Build configuration list for PBXProject "SwiftUIPractice" */;
			compatibilityVersion = "Xcode 14.0";
			developmentRegion = en;
			hasScannedForEncodings = 0;
			knownRegions = (
				en,
				Base,
			);
			mainGroup = 63F991352C1D789900605BE5;
			packageReferences = (
				63F9916B2C1D796B00605BE5 /* XCRemoteSwiftPackageReference "SDWebImageSwiftUI" */,
				63F9917A2C1D888700605BE5 /* XCRemoteSwiftPackageReference "SwiftfulUI" */,
				63F9917D2C1D894700605BE5 /* XCRemoteSwiftPackageReference "SwiftfulRouting" */,
			);
			productRefGroup = 63F9913F2C1D789900605BE5 /* Products */;
			projectDirPath = "";
			projectRoot = "";
			targets = (
				63F9913D2C1D789900605BE5 /* SwiftUIPractice */,
				63F9914D2C1D789B00605BE5 /* SwiftUIPracticeTests */,
				63F991572C1D789B00605BE5 /* SwiftUIPracticeUITests */,
			);
		};
/* End PBXProject section */

/* Begin PBXResourcesBuildPhase section */
		63F9913C2C1D789900605BE5 /* Resources */ = {
			isa = PBXResourcesBuildPhase;
			buildActionMask = 2147483647;
			files = (
				63F991492C1D789B00605BE5 /* Preview Assets.xcassets in Resources */,
				63F991462C1D789B00605BE5 /* Assets.xcassets in Resources */,
			);
			runOnlyForDeploymentPostprocessing = 0;
		};
		63F9914C2C1D789B00605BE5 /* Resources */ = {
			isa = PBXResourcesBuildPhase;
			buildActionMask = 2147483647;
			files = (
			);
			runOnlyForDeploymentPostprocessing = 0;
		};
		63F991562C1D789B00605BE5 /* Resources */ = {
			isa = PBXResourcesBuildPhase;
			buildActionMask = 2147483647;
			files = (
			);
			runOnlyForDeploymentPostprocessing = 0;
		};
/* End PBXResourcesBuildPhase section */

/* Begin PBXSourcesBuildPhase section */
		63F9913A2C1D789900605BE5 /* Sources */ = {
			isa = PBXSourcesBuildPhase;
			buildActionMask = 2147483647;
			files = (
				63F991712C1D79F400605BE5 /* ImageLoaderView.swift in Sources */,
				63F991892C21AC6100605BE5 /* Category.swift in Sources */,
				63F991862C21A82500605BE5 /* SpotifyCategoryCell.swift in Sources */,
				63F991A42C29B70D00605BE5 /* InterestPillView.swift in Sources */,
				63F991A02C29AA0100605BE5 /* BumbleCardView.swift in Sources */,
				63F991912C2333ED00605BE5 /* SpotifyPlayListView.swift in Sources */,
				63F9919C2C25D13D00605BE5 /* BumbleHomeView.swift in Sources */,
				63F991932C23342700605BE5 /* PlaylistHeaderCell.swift in Sources */,
				63F9918D2C21EAD400605BE5 /* SpotifyNewReleaseCell.swift in Sources */,
				63F991752C1D7F5700605BE5 /* DatabaseHelper.swift in Sources */,
				63F991A62C29B8DC00605BE5 /* InterestPillGridView.swift in Sources */,
				63F991842C21A28100605BE5 /* SpotifyHomeView.swift in Sources */,
				63F9918F2C23194200605BE5 /* ImageTitleRowCell.swift in Sources */,
				63F991442C1D789900605BE5 /* ContentView.swift in Sources */,
				63F991422C1D789900605BE5 /* SwiftUIPracticeApp.swift in Sources */,
				63F991732C1D7ADD00605BE5 /* Constants.swift in Sources */,
				63F9918B2C21E2A200605BE5 /* SpotifyRecentsCell.swift in Sources */,
				63F991772C1D85EE00605BE5 /* Product.swift in Sources */,
				63F9919E2C25D5AA00605BE5 /* BumbleFilterView.swift in Sources */,
				63F991972C2440AD00605BE5 /* SongRowCell.swift in Sources */,
				63F991A22C29AE5700605BE5 /* BumbleHeartView.swift in Sources */,
				63F991952C233BE600605BE5 /* PlayListDescriptionCell.swift in Sources */,
				63F991792C1D861100605BE5 /* User.swift in Sources */,
			);
			runOnlyForDeploymentPostprocessing = 0;
		};
		63F9914A2C1D789B00605BE5 /* Sources */ = {
			isa = PBXSourcesBuildPhase;
			buildActionMask = 2147483647;
			files = (
				63F991532C1D789B00605BE5 /* SwiftUIPracticeTests.swift in Sources */,
			);
			runOnlyForDeploymentPostprocessing = 0;
		};
		63F991542C1D789B00605BE5 /* Sources */ = {
			isa = PBXSourcesBuildPhase;
			buildActionMask = 2147483647;
			files = (
				63F9915D2C1D789B00605BE5 /* SwiftUIPracticeUITests.swift in Sources */,
				63F9915F2C1D789B00605BE5 /* SwiftUIPracticeUITestsLaunchTests.swift in Sources */,
			);
			runOnlyForDeploymentPostprocessing = 0;
		};
/* End PBXSourcesBuildPhase section */

/* Begin PBXTargetDependency section */
		63F991502C1D789B00605BE5 /* PBXTargetDependency */ = {
			isa = PBXTargetDependency;
			target = 63F9913D2C1D789900605BE5 /* SwiftUIPractice */;
			targetProxy = 63F9914F2C1D789B00605BE5 /* PBXContainerItemProxy */;
		};
		63F9915A2C1D789B00605BE5 /* PBXTargetDependency */ = {
			isa = PBXTargetDependency;
			target = 63F9913D2C1D789900605BE5 /* SwiftUIPractice */;
			targetProxy = 63F991592C1D789B00605BE5 /* PBXContainerItemProxy */;
		};
/* End PBXTargetDependency section */

/* Begin XCBuildConfiguration section */
		63F991602C1D789B00605BE5 /* Debug */ = {
			isa = XCBuildConfiguration;
			buildSettings = {
				ALWAYS_SEARCH_USER_PATHS = NO;
				ASSETCATALOG_COMPILER_GENERATE_SWIFT_ASSET_SYMBOL_EXTENSIONS = YES;
				CLANG_ANALYZER_NONNULL = YES;
				CLANG_ANALYZER_NUMBER_OBJECT_CONVERSION = YES_AGGRESSIVE;
				CLANG_CXX_LANGUAGE_STANDARD = "gnu++20";
				CLANG_ENABLE_MODULES = YES;
				CLANG_ENABLE_OBJC_ARC = YES;
				CLANG_ENABLE_OBJC_WEAK = YES;
				CLANG_WARN_BLOCK_CAPTURE_AUTORELEASING = YES;
				CLANG_WARN_BOOL_CONVERSION = YES;
				CLANG_WARN_COMMA = YES;
				CLANG_WARN_CONSTANT_CONVERSION = YES;
				CLANG_WARN_DEPRECATED_OBJC_IMPLEMENTATIONS = YES;
				CLANG_WARN_DIRECT_OBJC_ISA_USAGE = YES_ERROR;
				CLANG_WARN_DOCUMENTATION_COMMENTS = YES;
				CLANG_WARN_EMPTY_BODY = YES;
				CLANG_WARN_ENUM_CONVERSION = YES;
				CLANG_WARN_INFINITE_RECURSION = YES;
				CLANG_WARN_INT_CONVERSION = YES;
				CLANG_WARN_NON_LITERAL_NULL_CONVERSION = YES;
				CLANG_WARN_OBJC_IMPLICIT_RETAIN_SELF = YES;
				CLANG_WARN_OBJC_LITERAL_CONVERSION = YES;
				CLANG_WARN_OBJC_ROOT_CLASS = YES_ERROR;
				CLANG_WARN_QUOTED_INCLUDE_IN_FRAMEWORK_HEADER = YES;
				CLANG_WARN_RANGE_LOOP_ANALYSIS = YES;
				CLANG_WARN_STRICT_PROTOTYPES = YES;
				CLANG_WARN_SUSPICIOUS_MOVE = YES;
				CLANG_WARN_UNGUARDED_AVAILABILITY = YES_AGGRESSIVE;
				CLANG_WARN_UNREACHABLE_CODE = YES;
				CLANG_WARN__DUPLICATE_METHOD_MATCH = YES;
				COPY_PHASE_STRIP = NO;
				DEBUG_INFORMATION_FORMAT = dwarf;
				ENABLE_STRICT_OBJC_MSGSEND = YES;
				ENABLE_TESTABILITY = YES;
				ENABLE_USER_SCRIPT_SANDBOXING = YES;
				GCC_C_LANGUAGE_STANDARD = gnu17;
				GCC_DYNAMIC_NO_PIC = NO;
				GCC_NO_COMMON_BLOCKS = YES;
				GCC_OPTIMIZATION_LEVEL = 0;
				GCC_PREPROCESSOR_DEFINITIONS = (
					"DEBUG=1",
					"$(inherited)",
				);
				GCC_WARN_64_TO_32_BIT_CONVERSION = YES;
				GCC_WARN_ABOUT_RETURN_TYPE = YES_ERROR;
				GCC_WARN_UNDECLARED_SELECTOR = YES;
				GCC_WARN_UNINITIALIZED_AUTOS = YES_AGGRESSIVE;
				GCC_WARN_UNUSED_FUNCTION = YES;
				GCC_WARN_UNUSED_VARIABLE = YES;
				IPHONEOS_DEPLOYMENT_TARGET = 17.4;
				LOCALIZATION_PREFERS_STRING_CATALOGS = YES;
				MTL_ENABLE_DEBUG_INFO = INCLUDE_SOURCE;
				MTL_FAST_MATH = YES;
				ONLY_ACTIVE_ARCH = YES;
				SDKROOT = iphoneos;
				SWIFT_ACTIVE_COMPILATION_CONDITIONS = "DEBUG $(inherited)";
				SWIFT_OPTIMIZATION_LEVEL = "-Onone";
			};
			name = Debug;
		};
		63F991612C1D789B00605BE5 /* Release */ = {
			isa = XCBuildConfiguration;
			buildSettings = {
				ALWAYS_SEARCH_USER_PATHS = NO;
				ASSETCATALOG_COMPILER_GENERATE_SWIFT_ASSET_SYMBOL_EXTENSIONS = YES;
				CLANG_ANALYZER_NONNULL = YES;
				CLANG_ANALYZER_NUMBER_OBJECT_CONVERSION = YES_AGGRESSIVE;
				CLANG_CXX_LANGUAGE_STANDARD = "gnu++20";
				CLANG_ENABLE_MODULES = YES;
				CLANG_ENABLE_OBJC_ARC = YES;
				CLANG_ENABLE_OBJC_WEAK = YES;
				CLANG_WARN_BLOCK_CAPTURE_AUTORELEASING = YES;
				CLANG_WARN_BOOL_CONVERSION = YES;
				CLANG_WARN_COMMA = YES;
				CLANG_WARN_CONSTANT_CONVERSION = YES;
				CLANG_WARN_DEPRECATED_OBJC_IMPLEMENTATIONS = YES;
				CLANG_WARN_DIRECT_OBJC_ISA_USAGE = YES_ERROR;
				CLANG_WARN_DOCUMENTATION_COMMENTS = YES;
				CLANG_WARN_EMPTY_BODY = YES;
				CLANG_WARN_ENUM_CONVERSION = YES;
				CLANG_WARN_INFINITE_RECURSION = YES;
				CLANG_WARN_INT_CONVERSION = YES;
				CLANG_WARN_NON_LITERAL_NULL_CONVERSION = YES;
				CLANG_WARN_OBJC_IMPLICIT_RETAIN_SELF = YES;
				CLANG_WARN_OBJC_LITERAL_CONVERSION = YES;
				CLANG_WARN_OBJC_ROOT_CLASS = YES_ERROR;
				CLANG_WARN_QUOTED_INCLUDE_IN_FRAMEWORK_HEADER = YES;
				CLANG_WARN_RANGE_LOOP_ANALYSIS = YES;
				CLANG_WARN_STRICT_PROTOTYPES = YES;
				CLANG_WARN_SUSPICIOUS_MOVE = YES;
				CLANG_WARN_UNGUARDED_AVAILABILITY = YES_AGGRESSIVE;
				CLANG_WARN_UNREACHABLE_CODE = YES;
				CLANG_WARN__DUPLICATE_METHOD_MATCH = YES;
				COPY_PHASE_STRIP = NO;
				DEBUG_INFORMATION_FORMAT = "dwarf-with-dsym";
				ENABLE_NS_ASSERTIONS = NO;
				ENABLE_STRICT_OBJC_MSGSEND = YES;
				ENABLE_USER_SCRIPT_SANDBOXING = YES;
				GCC_C_LANGUAGE_STANDARD = gnu17;
				GCC_NO_COMMON_BLOCKS = YES;
				GCC_WARN_64_TO_32_BIT_CONVERSION = YES;
				GCC_WARN_ABOUT_RETURN_TYPE = YES_ERROR;
				GCC_WARN_UNDECLARED_SELECTOR = YES;
				GCC_WARN_UNINITIALIZED_AUTOS = YES_AGGRESSIVE;
				GCC_WARN_UNUSED_FUNCTION = YES;
				GCC_WARN_UNUSED_VARIABLE = YES;
				IPHONEOS_DEPLOYMENT_TARGET = 17.4;
				LOCALIZATION_PREFERS_STRING_CATALOGS = YES;
				MTL_ENABLE_DEBUG_INFO = NO;
				MTL_FAST_MATH = YES;
				SDKROOT = iphoneos;
				SWIFT_COMPILATION_MODE = wholemodule;
				VALIDATE_PRODUCT = YES;
			};
			name = Release;
		};
		63F991632C1D789B00605BE5 /* Debug */ = {
			isa = XCBuildConfiguration;
			buildSettings = {
				ASSETCATALOG_COMPILER_APPICON_NAME = AppIcon;
				ASSETCATALOG_COMPILER_GLOBAL_ACCENT_COLOR_NAME = AccentColor;
				CODE_SIGN_STYLE = Automatic;
				CURRENT_PROJECT_VERSION = 1;
				DEVELOPMENT_ASSET_PATHS = "\"SwiftUIPractice/Preview Content\"";
				DEVELOPMENT_TEAM = 54MUY99KR7;
				ENABLE_PREVIEWS = YES;
				GENERATE_INFOPLIST_FILE = YES;
				INFOPLIST_KEY_UIApplicationSceneManifest_Generation = YES;
				INFOPLIST_KEY_UIApplicationSupportsIndirectInputEvents = YES;
				INFOPLIST_KEY_UILaunchScreen_Generation = YES;
				INFOPLIST_KEY_UISupportedInterfaceOrientations_iPad = "UIInterfaceOrientationPortrait UIInterfaceOrientationPortraitUpsideDown UIInterfaceOrientationLandscapeLeft UIInterfaceOrientationLandscapeRight";
				INFOPLIST_KEY_UISupportedInterfaceOrientations_iPhone = "UIInterfaceOrientationPortrait UIInterfaceOrientationLandscapeLeft UIInterfaceOrientationLandscapeRight";
				LD_RUNPATH_SEARCH_PATHS = (
					"$(inherited)",
					"@executable_path/Frameworks",
				);
				MARKETING_VERSION = 1.0;
				PRODUCT_BUNDLE_IDENTIFIER = com.marla.SwiftUIPractice;
				PRODUCT_NAME = "$(TARGET_NAME)";
				SWIFT_EMIT_LOC_STRINGS = YES;
				SWIFT_VERSION = 5.0;
				TARGETED_DEVICE_FAMILY = "1,2";
			};
			name = Debug;
		};
		63F991642C1D789B00605BE5 /* Release */ = {
			isa = XCBuildConfiguration;
			buildSettings = {
				ASSETCATALOG_COMPILER_APPICON_NAME = AppIcon;
				ASSETCATALOG_COMPILER_GLOBAL_ACCENT_COLOR_NAME = AccentColor;
				CODE_SIGN_STYLE = Automatic;
				CURRENT_PROJECT_VERSION = 1;
				DEVELOPMENT_ASSET_PATHS = "\"SwiftUIPractice/Preview Content\"";
				DEVELOPMENT_TEAM = 54MUY99KR7;
				ENABLE_PREVIEWS = YES;
				GENERATE_INFOPLIST_FILE = YES;
				INFOPLIST_KEY_UIApplicationSceneManifest_Generation = YES;
				INFOPLIST_KEY_UIApplicationSupportsIndirectInputEvents = YES;
				INFOPLIST_KEY_UILaunchScreen_Generation = YES;
				INFOPLIST_KEY_UISupportedInterfaceOrientations_iPad = "UIInterfaceOrientationPortrait UIInterfaceOrientationPortraitUpsideDown UIInterfaceOrientationLandscapeLeft UIInterfaceOrientationLandscapeRight";
				INFOPLIST_KEY_UISupportedInterfaceOrientations_iPhone = "UIInterfaceOrientationPortrait UIInterfaceOrientationLandscapeLeft UIInterfaceOrientationLandscapeRight";
				LD_RUNPATH_SEARCH_PATHS = (
					"$(inherited)",
					"@executable_path/Frameworks",
				);
				MARKETING_VERSION = 1.0;
				PRODUCT_BUNDLE_IDENTIFIER = com.marla.SwiftUIPractice;
				PRODUCT_NAME = "$(TARGET_NAME)";
				SWIFT_EMIT_LOC_STRINGS = YES;
				SWIFT_VERSION = 5.0;
				TARGETED_DEVICE_FAMILY = "1,2";
			};
			name = Release;
		};
		63F991662C1D789B00605BE5 /* Debug */ = {
			isa = XCBuildConfiguration;
			buildSettings = {
				ALWAYS_EMBED_SWIFT_STANDARD_LIBRARIES = YES;
				BUNDLE_LOADER = "$(TEST_HOST)";
				CODE_SIGN_STYLE = Automatic;
				CURRENT_PROJECT_VERSION = 1;
				DEVELOPMENT_TEAM = 54MUY99KR7;
				GENERATE_INFOPLIST_FILE = YES;
				IPHONEOS_DEPLOYMENT_TARGET = 17.4;
				MARKETING_VERSION = 1.0;
				PRODUCT_BUNDLE_IDENTIFIER = com.marla.SwiftUIPracticeTests;
				PRODUCT_NAME = "$(TARGET_NAME)";
				SWIFT_EMIT_LOC_STRINGS = NO;
				SWIFT_VERSION = 5.0;
				TARGETED_DEVICE_FAMILY = "1,2";
				TEST_HOST = "$(BUILT_PRODUCTS_DIR)/SwiftUIPractice.app/$(BUNDLE_EXECUTABLE_FOLDER_PATH)/SwiftUIPractice";
			};
			name = Debug;
		};
		63F991672C1D789B00605BE5 /* Release */ = {
			isa = XCBuildConfiguration;
			buildSettings = {
				ALWAYS_EMBED_SWIFT_STANDARD_LIBRARIES = YES;
				BUNDLE_LOADER = "$(TEST_HOST)";
				CODE_SIGN_STYLE = Automatic;
				CURRENT_PROJECT_VERSION = 1;
				DEVELOPMENT_TEAM = 54MUY99KR7;
				GENERATE_INFOPLIST_FILE = YES;
				IPHONEOS_DEPLOYMENT_TARGET = 17.4;
				MARKETING_VERSION = 1.0;
				PRODUCT_BUNDLE_IDENTIFIER = com.marla.SwiftUIPracticeTests;
				PRODUCT_NAME = "$(TARGET_NAME)";
				SWIFT_EMIT_LOC_STRINGS = NO;
				SWIFT_VERSION = 5.0;
				TARGETED_DEVICE_FAMILY = "1,2";
				TEST_HOST = "$(BUILT_PRODUCTS_DIR)/SwiftUIPractice.app/$(BUNDLE_EXECUTABLE_FOLDER_PATH)/SwiftUIPractice";
			};
			name = Release;
		};
		63F991692C1D789B00605BE5 /* Debug */ = {
			isa = XCBuildConfiguration;
			buildSettings = {
				ALWAYS_EMBED_SWIFT_STANDARD_LIBRARIES = YES;
				CODE_SIGN_STYLE = Automatic;
				CURRENT_PROJECT_VERSION = 1;
				DEVELOPMENT_TEAM = 54MUY99KR7;
				GENERATE_INFOPLIST_FILE = YES;
				MARKETING_VERSION = 1.0;
				PRODUCT_BUNDLE_IDENTIFIER = com.marla.SwiftUIPracticeUITests;
				PRODUCT_NAME = "$(TARGET_NAME)";
				SWIFT_EMIT_LOC_STRINGS = NO;
				SWIFT_VERSION = 5.0;
				TARGETED_DEVICE_FAMILY = "1,2";
				TEST_TARGET_NAME = SwiftUIPractice;
			};
			name = Debug;
		};
		63F9916A2C1D789B00605BE5 /* Release */ = {
			isa = XCBuildConfiguration;
			buildSettings = {
				ALWAYS_EMBED_SWIFT_STANDARD_LIBRARIES = YES;
				CODE_SIGN_STYLE = Automatic;
				CURRENT_PROJECT_VERSION = 1;
				DEVELOPMENT_TEAM = 54MUY99KR7;
				GENERATE_INFOPLIST_FILE = YES;
				MARKETING_VERSION = 1.0;
				PRODUCT_BUNDLE_IDENTIFIER = com.marla.SwiftUIPracticeUITests;
				PRODUCT_NAME = "$(TARGET_NAME)";
				SWIFT_EMIT_LOC_STRINGS = NO;
				SWIFT_VERSION = 5.0;
				TARGETED_DEVICE_FAMILY = "1,2";
				TEST_TARGET_NAME = SwiftUIPractice;
			};
			name = Release;
		};
/* End XCBuildConfiguration section */

/* Begin XCConfigurationList section */
		63F991392C1D789900605BE5 /* Build configuration list for PBXProject "SwiftUIPractice" */ = {
			isa = XCConfigurationList;
			buildConfigurations = (
				63F991602C1D789B00605BE5 /* Debug */,
				63F991612C1D789B00605BE5 /* Release */,
			);
			defaultConfigurationIsVisible = 0;
			defaultConfigurationName = Release;
		};
		63F991622C1D789B00605BE5 /* Build configuration list for PBXNativeTarget "SwiftUIPractice" */ = {
			isa = XCConfigurationList;
			buildConfigurations = (
				63F991632C1D789B00605BE5 /* Debug */,
				63F991642C1D789B00605BE5 /* Release */,
			);
			defaultConfigurationIsVisible = 0;
			defaultConfigurationName = Release;
		};
		63F991652C1D789B00605BE5 /* Build configuration list for PBXNativeTarget "SwiftUIPracticeTests" */ = {
			isa = XCConfigurationList;
			buildConfigurations = (
				63F991662C1D789B00605BE5 /* Debug */,
				63F991672C1D789B00605BE5 /* Release */,
			);
			defaultConfigurationIsVisible = 0;
			defaultConfigurationName = Release;
		};
		63F991682C1D789B00605BE5 /* Build configuration list for PBXNativeTarget "SwiftUIPracticeUITests" */ = {
			isa = XCConfigurationList;
			buildConfigurations = (
				63F991692C1D789B00605BE5 /* Debug */,
				63F9916A2C1D789B00605BE5 /* Release */,
			);
			defaultConfigurationIsVisible = 0;
			defaultConfigurationName = Release;
		};
/* End XCConfigurationList section */

/* Begin XCRemoteSwiftPackageReference section */
		63F9916B2C1D796B00605BE5 /* XCRemoteSwiftPackageReference "SDWebImageSwiftUI" */ = {
			isa = XCRemoteSwiftPackageReference;
			repositoryURL = "https://github.com/SDWebImage/SDWebImageSwiftUI.git";
			requirement = {
				kind = upToNextMajorVersion;
				minimumVersion = 3.0.4;
			};
		};
		63F9917A2C1D888700605BE5 /* XCRemoteSwiftPackageReference "SwiftfulUI" */ = {
			isa = XCRemoteSwiftPackageReference;
			repositoryURL = "https://github.com/SwiftfulThinking/SwiftfulUI.git";
			requirement = {
				kind = upToNextMajorVersion;
				minimumVersion = 1.2.0;
			};
		};
		63F9917D2C1D894700605BE5 /* XCRemoteSwiftPackageReference "SwiftfulRouting" */ = {
			isa = XCRemoteSwiftPackageReference;
			repositoryURL = "https://github.com/SwiftfulThinking/SwiftfulRouting.git";
			requirement = {
				kind = upToNextMajorVersion;
				minimumVersion = 5.1.0;
			};
		};
/* End XCRemoteSwiftPackageReference section */

/* Begin XCSwiftPackageProductDependency section */
		63F9916D2C1D799A00605BE5 /* SDWebImageSwiftUI */ = {
			isa = XCSwiftPackageProductDependency;
			package = 63F9916B2C1D796B00605BE5 /* XCRemoteSwiftPackageReference "SDWebImageSwiftUI" */;
			productName = SDWebImageSwiftUI;
		};
		63F9917B2C1D88BA00605BE5 /* SwiftfulUI */ = {
			isa = XCSwiftPackageProductDependency;
			package = 63F9917A2C1D888700605BE5 /* XCRemoteSwiftPackageReference "SwiftfulUI" */;
			productName = SwiftfulUI;
		};
		63F9917E2C1D894700605BE5 /* SwiftfulRouting */ = {
			isa = XCSwiftPackageProductDependency;
			package = 63F9917D2C1D894700605BE5 /* XCRemoteSwiftPackageReference "SwiftfulRouting" */;
			productName = SwiftfulRouting;
		};
/* End XCSwiftPackageProductDependency section */
	};
	rootObject = 63F991362C1D789900605BE5 /* Project object */;
}
